{
  "lockfile_version": "1",
  "packages": {
    "buf@latest": {
      "last_modified": "2026-03-21T07:29:51Z",
      "resolved": "github:NixOS/nixpkgs/09061f748ee21f68a089cd5d91ec1859cd93d0be#buf",
      "source": "devbox-search",
      "version": "1.66.1",
      "systems": {
        "aarch64-darwin": {
          "outputs": [
            {
              "name": "out",
              "path": "/nix/store/bm69n9skfxbhn75pprgfll7nvh34z6gc-buf-1.66.1",
              "default": true
            }
          ],
          "store_path": "/nix/store/bm69n9skfxbhn75pprgfll7nvh34z6gc-buf-1.66.1"
        },
        "aarch64-linux": {
          "outputs": [
            {
              "name": "out",
              "path": "/nix/store/5r2k25hnm9dfr1p380gkwqxb9bn5k1gf-buf-1.66.1",
              "default": true
            }
          ],
          "store_path": "/nix/store/5r2k25hnm9dfr1p380gkwqxb9bn5k1gf-buf-1.66.1"
        },
        "x86_64-darwin": {
          "outputs": [
            {
              "name": "out",
              "path": "/nix/store/sp576l5v46pkzmqfz56ys98nhka3jxkf-buf-1.66.1",
              "default": true
            }
          ],
          "store_path": "/nix/store/sp576l5v46pkzmqfz56ys98nhka3jxkf-buf-1.66.1"
        },
        "x86_64-linux": {
          "outputs": [
            {
              "name": "out",
              "path": "/nix/store/1m5xl1yc605bvxvs8yr68rbza9q33bsc-buf-1.66.1",
              "default": true
            }
          ],
          "store_path": "/nix/store/1m5xl1yc605bvxvs8yr68rbza9q33bsc-buf-1.66.1"
        }
      }
    },
    "github:NixOS/nixpkgs/nixpkgs-unstable": {
      "last_modified": "2026-03-16T02:27:38Z",
      "resolved": "github:NixOS/nixpkgs/f8573b9c935cfaa162dd62cc9e75ae2db86f85df?lastModified=1773628058&narHash=sha256-hpXH0z3K9xv0fHaje136KY872VT2T5uwxtezlAskQgY%3D"
    }
  }
}
